
Microsoft Visual Studio Solution File, Format Version 11.00
# Visual Studio 2010
Project("{8BC9CEB8-8B4A-11D0-8D11-00A0C91BC942}") = "exer_9_17", "exer_9_17.vcxproj", "{6690FC41-34ED-36E2-CF94-B1D8384747F7}"
EndProject
Global
	GlobalSection(SolutionConfigurationPlatforms) = preSolution
		Debug|Win32 = Debug|Win32
		Release|Win32 = Release|Win32
	EndGlobalSection
	GlobalSection(ProjectConfigurationPlatforms) = postSolution
		{6690FC41-34ED-36E2-CF94-B1D8384747F7}.Debug|Win32.ActiveCfg = Debug|Win32
		{6690FC41-34ED-36E2-CF94-B1D8384747F7}.Debug|Win32.Build.0 = Debug|Win32
		{6690FC41-34ED-36E2-CF94-B1D8384747F7}.Release|Win32.ActiveCfg = Release|Win32
		{6690FC41-34ED-36E2-CF94-B1D8384747F7}.Release|Win32.Build.0 = Release|Win32
	EndGlobalSection
	GlobalSection(SolutionProperties) = preSolution
		HideSolutionNode = FALSE
	EndGlobalSection
EndGlobal
